
Microsoft Visual Studio Solution File, Format Version 12.00
# Visual Studio Version 17
VisualStudioVersion = 17.0.32126.317
MinimumVisualStudioVersion = 10.0.40219.1
Project("{2150E333-8FDC-42A3-9474-1A3956D46DE8}") = "src", "src", "{5217E18F-A3AC-49ED-A752-636F0BBEBCAE}"
EndProject
Project("{2150E333-8FDC-42A3-9474-1A3956D46DE8}") = "1-Domain", "1-Domain", "{AF32FD4F-325C-4155-8B80-4E74E4A7199A}"
EndProject
Project("{2150E333-8FDC-42A3-9474-1A3956D46DE8}") = "2-Infrastructure", "2-Infrastructure", "{D4DC642B-12BD-4ACC-AB68-7090CDEA3CC3}"
EndProject
Project("{2150E333-8FDC-42A3-9474-1A3956D46DE8}") = "3-EndPoint", "3-EndPoint", "{B41E217A-6702-40AA-94AE-C7218AD230BB}"
EndProject
Project("{2150E333-8FDC-42A3-9474-1A3956D46DE8}") = "Core", "Core", "{3BB2F08D-3C86-4371-A5E5-E8B5E31A2050}"
EndProject
Project("{2150E333-8FDC-42A3-9474-1A3956D46DE8}") = "Service", "Service", "{2338FBCB-E1AF-49B4-8515-76CC14473E19}"
EndProject
Project("{9A19103F-16F7-4668-BE54-9A1E7A4F7556}") = "App.Domain.Core", "App.Domain.Core\App.Domain.Core.csproj", "{C8B79CF2-D203-4220-8DE0-3EB67C812455}"
EndProject
Project("{9A19103F-16F7-4668-BE54-9A1E7A4F7556}") = "App.Domain.Services", "App.Domain.Services\App.Domain.Services.csproj", "{CEAF631D-7374-4A38-9633-8D9D067FAD45}"
EndProject
Project("{9A19103F-16F7-4668-BE54-9A1E7A4F7556}") = "App.Domain.AppServices", "App.Domain.AppServices\App.Domain.AppServices.csproj", "{447D5E3A-2A50-4448-A989-307DEBAB5046}"
EndProject
Project("{9A19103F-16F7-4668-BE54-9A1E7A4F7556}") = "App.Infrastructure.Repos.Ef", "App.Infrastructure.Repos.Ef\App.Infrastructure.Repos.Ef.csproj", "{8D6ECD9C-EE59-406A-B958-70799C0FA561}"
EndProject
Project("{9A19103F-16F7-4668-BE54-9A1E7A4F7556}") = "App.Infrastructure.SqlServer", "App.Infrastructure.SqlServer\App.Infrastructure.SqlServer.csproj", "{0557A3E8-9131-49A8-9AE0-177C4A9CF447}"
EndProject
Project("{9A19103F-16F7-4668-BE54-9A1E7A4F7556}") = "App.EndPoint.Mvc.UI", "App.EndPoint.Mvc.UI\App.EndPoint.Mvc.UI.csproj", "{0A316A3C-97FC-4D09-A14B-2E17977CDC81}"
EndProject
Global
	GlobalSection(SolutionConfigurationPlatforms) = preSolution
		Debug|Any CPU = Debug|Any CPU
		Release|Any CPU = Release|Any CPU
	EndGlobalSection
	GlobalSection(ProjectConfigurationPlatforms) = postSolution
		{C8B79CF2-D203-4220-8DE0-3EB67C812455}.Debug|Any CPU.ActiveCfg = Debug|Any CPU
		{C8B79CF2-D203-4220-8DE0-3EB67C812455}.Debug|Any CPU.Build.0 = Debug|Any CPU
		{C8B79CF2-D203-4220-8DE0-3EB67C812455}.Release|Any CPU.ActiveCfg = Release|Any CPU
		{C8B79CF2-D203-4220-8DE0-3EB67C812455}.Release|Any CPU.Build.0 = Release|Any CPU
		{CEAF631D-7374-4A38-9633-8D9D067FAD45}.Debug|Any CPU.ActiveCfg = Debug|Any CPU
		{CEAF631D-7374-4A38-9633-8D9D067FAD45}.Debug|Any CPU.Build.0 = Debug|Any CPU
		{CEAF631D-7374-4A38-9633-8D9D067FAD45}.Release|Any CPU.ActiveCfg = Release|Any CPU
		{CEAF631D-7374-4A38-9633-8D9D067FAD45}.Release|Any CPU.Build.0 = Release|Any CPU
		{447D5E3A-2A50-4448-A989-307DEBAB5046}.Debug|Any CPU.ActiveCfg = Debug|Any CPU
		{447D5E3A-2A50-4448-A989-307DEBAB5046}.Debug|Any CPU.Build.0 = Debug|Any CPU
		{447D5E3A-2A50-4448-A989-307DEBAB5046}.Release|Any CPU.ActiveCfg = Release|Any CPU
		{447D5E3A-2A50-4448-A989-307DEBAB5046}.Release|Any CPU.Build.0 = Release|Any CPU
		{8D6ECD9C-EE59-406A-B958-70799C0FA561}.Debug|Any CPU.ActiveCfg = Debug|Any CPU
		{8D6ECD9C-EE59-406A-B958-70799C0FA561}.Debug|Any CPU.Build.0 = Debug|Any CPU
		{8D6ECD9C-EE59-406A-B958-70799C0FA561}.Release|Any CPU.ActiveCfg = Release|Any CPU
		{8D6ECD9C-EE59-406A-B958-70799C0FA561}.Release|Any CPU.Build.0 = Release|Any CPU
		{0557A3E8-9131-49A8-9AE0-177C4A9CF447}.Debug|Any CPU.ActiveCfg = Debug|Any CPU
		{0557A3E8-9131-49A8-9AE0-177C4A9CF447}.Debug|Any CPU.Build.0 = Debug|Any CPU
		{0557A3E8-9131-49A8-9AE0-177C4A9CF447}.Release|Any CPU.ActiveCfg = Release|Any CPU
		{0557A3E8-9131-49A8-9AE0-177C4A9CF447}.Release|Any CPU.Build.0 = Release|Any CPU
		{0A316A3C-97FC-4D09-A14B-2E17977CDC81}.Debug|Any CPU.ActiveCfg = Debug|Any CPU
		{0A316A3C-97FC-4D09-A14B-2E17977CDC81}.Debug|Any CPU.Build.0 = Debug|Any CPU
		{0A316A3C-97FC-4D09-A14B-2E17977CDC81}.Release|Any CPU.ActiveCfg = Release|Any CPU
		{0A316A3C-97FC-4D09-A14B-2E17977CDC81}.Release|Any CPU.Build.0 = Release|Any CPU
	EndGlobalSection
	GlobalSection(SolutionProperties) = preSolution
		HideSolutionNode = FALSE
	EndGlobalSection
	GlobalSection(NestedProjects) = preSolution
		{AF32FD4F-325C-4155-8B80-4E74E4A7199A} = {5217E18F-A3AC-49ED-A752-636F0BBEBCAE}
		{D4DC642B-12BD-4ACC-AB68-7090CDEA3CC3} = {5217E18F-A3AC-49ED-A752-636F0BBEBCAE}
		{B41E217A-6702-40AA-94AE-C7218AD230BB} = {5217E18F-A3AC-49ED-A752-636F0BBEBCAE}
		{3BB2F08D-3C86-4371-A5E5-E8B5E31A2050} = {AF32FD4F-325C-4155-8B80-4E74E4A7199A}
		{2338FBCB-E1AF-49B4-8515-76CC14473E19} = {AF32FD4F-325C-4155-8B80-4E74E4A7199A}
		{C8B79CF2-D203-4220-8DE0-3EB67C812455} = {3BB2F08D-3C86-4371-A5E5-E8B5E31A2050}
		{CEAF631D-7374-4A38-9633-8D9D067FAD45} = {2338FBCB-E1AF-49B4-8515-76CC14473E19}
		{447D5E3A-2A50-4448-A989-307DEBAB5046} = {2338FBCB-E1AF-49B4-8515-76CC14473E19}
		{8D6ECD9C-EE59-406A-B958-70799C0FA561} = {D4DC642B-12BD-4ACC-AB68-7090CDEA3CC3}
		{0557A3E8-9131-49A8-9AE0-177C4A9CF447} = {D4DC642B-12BD-4ACC-AB68-7090CDEA3CC3}
		{0A316A3C-97FC-4D09-A14B-2E17977CDC81} = {B41E217A-6702-40AA-94AE-C7218AD230BB}
	EndGlobalSection
	GlobalSection(ExtensibilityGlobals) = postSolution
		SolutionGuid = {179F51AD-F48D-4C54-99CA-0A77CACEB012}
	EndGlobalSection
EndGlobal
